Microsoft Visual Studio Solution File, Format Version 12.00
# Visual Studio Version 16
VisualStudioVersion = 16.0.31624.102
MinimumVisualStudioVersion = 10.0.40219.1
Project("{FAE04EC0-301F-11D3-BF4B-00C04F79EFBC}") = "Logger", "Logger\Logger.csproj", "{7373138E-F607-4B7E-9DB7-DDCA0B21AA47}"
	ProjectSection(ProjectDependencies) = postProject
		{2109E2A9-BE2D-4DB3-84D2-3DA1A0DE4D0B} = {2109E2A9-BE2D-4DB3-84D2-3DA1A0DE4D0B}
	EndProjectSection
EndProject
Project("{FAE04EC0-301F-11D3-BF4B-00C04F79EFBC}") = "LoggerCore", "LoggerCore\LoggerCore.csproj", "{2109E2A9-BE2D-4DB3-84D2-3DA1A0DE4D0B}"
EndProject
Global
	GlobalSection(SolutionConfigurationPlatforms) = preSolution
		Debug|Any CPU = Debug|Any CPU
		Release|Any CPU = Release|Any CPU
	EndGlobalSection
	GlobalSection(ProjectConfigurationPlatforms) = postSolution
		{7373138E-F607-4B7E-9DB7-DDCA0B21AA47}.Debug|Any CPU.ActiveCfg = Debug|Any CPU
		{7373138E-F607-4B7E-9DB7-DDCA0B21AA47}.Debug|Any CPU.Build.0 = Debug|Any CPU
		{7373138E-F607-4B7E-9DB7-DDCA0B21AA47}.Release|Any CPU.ActiveCfg = Release|Any CPU
		{7373138E-F607-4B7E-9DB7-DDCA0B21AA47}.Release|Any CPU.Build.0 = Release|Any CPU
		{2109E2A9-BE2D-4DB3-84D2-3DA1A0DE4D0B}.Debug|Any CPU.ActiveCfg = Debug|Any CPU
		{2109E2A9-BE2D-4DB3-84D2-3DA1A0DE4D0B}.Debug|Any CPU.Build.0 = Debug|Any CPU
		{2109E2A9-BE2D-4DB3-84D2-3DA1A0DE4D0B}.Release|Any CPU.ActiveCfg = Release|Any CPU
		{2109E2A9-BE2D-4DB3-84D2-3DA1A0DE4D0B}.Release|Any CPU.Build.0 = Release|Any CPU
	EndGlobalSection
	GlobalSection(SolutionProperties) = preSolution
		HideSolutionNode = FALSE
	EndGlobalSection
	GlobalSection(ExtensibilityGlobals) = postSolution
		SolutionGuid = {30791CC8-0612-4109-8C9C-FE7551E91EB6}
	EndGlobalSection
EndGlobal
